
Microsoft Visual Studio Solution File, Format Version 12.00
# Visual Studio Version 17
VisualStudioVersion = 17.4.33213.308
MinimumVisualStudioVersion = 10.0.40219.1
Project("{FAE04EC0-301F-11D3-BF4B-00C04F79EFBC}") = "ProcessesManager", "ProcessesManager\ProcessesManager.csproj", "{D19B6665-826F-469A-B48C-EE81EEA8F906}"
EndProject
Global
	GlobalSection(SolutionConfigurationPlatforms) = preSolution
		Debug|Any CPU = Debug|Any CPU
		Release|Any CPU = Release|Any CPU
	EndGlobalSection
	GlobalSection(ProjectConfigurationPlatforms) = postSolution
		{D19B6665-826F-469A-B48C-EE81EEA8F906}.Debug|Any CPU.ActiveCfg = Debug|Any CPU
		{D19B6665-826F-469A-B48C-EE81EEA8F906}.Debug|Any CPU.Build.0 = Debug|Any CPU
		{D19B6665-826F-469A-B48C-EE81EEA8F906}.Release|Any CPU.ActiveCfg = Release|Any CPU
		{D19B6665-826F-469A-B48C-EE81EEA8F906}.Release|Any CPU.Build.0 = Release|Any CPU
	EndGlobalSection
	GlobalSection(SolutionProperties) = preSolution
		HideSolutionNode = FALSE
	EndGlobalSection
	GlobalSection(ExtensibilityGlobals) = postSolution
		SolutionGuid = {96A74F28-DD22-4132-AFCB-3F353398BE36}
	EndGlobalSection
EndGlobal
